# generated by rye
# use `rye lock` or `rye sync` to update this lockfile
#
# last locked with the following flags:
#   pre: false
#   features: []
#   all-features: false
#   with-sources: false
#   generate-hashes: false
#   universal: false

-e file:.
aiohappyeyeballs==2.4.3
    # via aiohttp
aiohttp==3.10.10
    # via datasets
    # via fsspec
aiosignal==1.3.1
    # via aiohttp
annotated-types==0.7.0
    # via pydantic
async-timeout==4.0.3
    # via aiohttp
attrs==24.2.0
    # via aiohttp
bert-score==0.3.13
    # via mt-evaluation-framework
certifi==2024.8.30
    # via requests
charset-normalizer==3.4.0
    # via requests
click==8.1.7
    # via nltk
    # via typer
colorama==0.4.6
    # via sacrebleu
contourpy==1.3.0
    # via matplotlib
ctranslate2==4.5.0
    # via mt-evaluation-framework
cycler==0.12.1
    # via matplotlib
datasets==3.0.2
    # via evaluate
dill==0.3.8
    # via datasets
    # via evaluate
    # via multiprocess
entmax==1.3
    # via unbabel-comet
evaluate==0.4.3
    # via mt-evaluation-framework
filelock==3.16.1
    # via datasets
    # via huggingface-hub
    # via torch
    # via transformers
fonttools==4.54.1
    # via matplotlib
frozenlist==1.5.0
    # via aiohttp
    # via aiosignal
fsspec==2024.9.0
    # via datasets
    # via evaluate
    # via huggingface-hub
    # via pytorch-lightning
    # via torch
huggingface-hub==0.26.1
    # via datasets
    # via evaluate
    # via tokenizers
    # via transformers
    # via unbabel-comet
idna==3.10
    # via requests
    # via yarl
jinja2==3.1.4
    # via torch
joblib==1.4.2
    # via nltk
jsonargparse==3.13.1
    # via unbabel-comet
kiwisolver==1.4.7
    # via matplotlib
lightning-utilities==0.11.8
    # via pytorch-lightning
lxml==5.3.0
    # via sacrebleu
markdown-it-py==3.0.0
    # via rich
markupsafe==3.0.2
    # via jinja2
matplotlib==3.9.2
    # via bert-score
mdurl==0.1.2
    # via markdown-it-py
mpmath==1.3.0
    # via sympy
multidict==6.1.0
    # via aiohttp
    # via yarl
multiprocess==0.70.16
    # via datasets
    # via evaluate
networkx==3.4.2
    # via torch
nltk==3.9.1
    # via mt-evaluation-framework
numpy==1.26.4
    # via bert-score
    # via contourpy
    # via ctranslate2
    # via datasets
    # via evaluate
    # via matplotlib
    # via pandas
    # via pyarrow
    # via sacrebleu
    # via scipy
    # via torchmetrics
    # via transformers
    # via unbabel-comet
packaging==24.1
    # via bert-score
    # via datasets
    # via evaluate
    # via huggingface-hub
    # via lightning-utilities
    # via matplotlib
    # via pytorch-lightning
    # via torchmetrics
    # via transformers
pandas==2.2.3
    # via bert-score
    # via datasets
    # via evaluate
    # via unbabel-comet
pillow==11.0.0
    # via matplotlib
portalocker==2.10.1
    # via sacrebleu
propcache==0.2.0
    # via yarl
protobuf==4.25.5
    # via unbabel-comet
pyarrow==17.0.0
    # via datasets
pydantic==2.9.2
    # via mt-evaluation-framework
pydantic-core==2.23.4
    # via pydantic
pygments==2.18.0
    # via rich
pyparsing==3.2.0
    # via matplotlib
python-dateutil==2.9.0.post0
    # via matplotlib
    # via pandas
pytorch-lightning==2.4.0
    # via unbabel-comet
pytz==2024.2
    # via pandas
pyyaml==6.0.2
    # via ctranslate2
    # via datasets
    # via huggingface-hub
    # via jsonargparse
    # via pytorch-lightning
    # via transformers
regex==2024.9.11
    # via nltk
    # via sacrebleu
    # via transformers
requests==2.32.3
    # via bert-score
    # via datasets
    # via evaluate
    # via huggingface-hub
    # via transformers
rich==13.9.3
    # via typer
sacrebleu==2.4.3
    # via mt-evaluation-framework
    # via unbabel-comet
safetensors==0.4.5
    # via transformers
scipy==1.14.1
    # via unbabel-comet
sentencepiece==0.1.99
    # via unbabel-comet
setuptools==75.2.0
    # via ctranslate2
    # via lightning-utilities
shellingham==1.5.4
    # via typer
six==1.16.0
    # via python-dateutil
sympy==1.13.1
    # via torch
tabulate==0.9.0
    # via sacrebleu
tokenizers==0.20.1
    # via transformers
torch==2.5.0
    # via bert-score
    # via entmax
    # via pytorch-lightning
    # via torchmetrics
    # via unbabel-comet
torchmetrics==0.10.3
    # via pytorch-lightning
    # via unbabel-comet
tqdm==4.66.5
    # via bert-score
    # via datasets
    # via evaluate
    # via huggingface-hub
    # via nltk
    # via pytorch-lightning
    # via transformers
transformers==4.45.2
    # via bert-score
    # via unbabel-comet
typer==0.12.5
    # via mt-evaluation-framework
typing-extensions==4.12.2
    # via huggingface-hub
    # via lightning-utilities
    # via mt-evaluation-framework
    # via multidict
    # via pydantic
    # via pydantic-core
    # via pytorch-lightning
    # via rich
    # via torch
    # via typer
tzdata==2024.2
    # via pandas
unbabel-comet==2.2.2
    # via mt-evaluation-framework
urllib3==2.2.3
    # via requests
xxhash==3.5.0
    # via datasets
    # via evaluate
yarl==1.16.0
    # via aiohttp
